
Microsoft Visual Studio Solution File, Format Version 12.00
# Visual Studio Version 16
VisualStudioVersion = 16.0.30711.63
MinimumVisualStudioVersion = 10.0.40219.1
Project("{FAE04EC0-301F-11D3-BF4B-00C04F79EFBC}") = "FlicMediaPlayer", "FlicMediaPlayer\FlicMediaPlayer.csproj", "{A70A8D14-9F35-4310-A2FB-0D80DC58E60D}"
EndProject
Global
	GlobalSection(SolutionConfigurationPlatforms) = preSolution
		Debug|Any CPU = Debug|Any CPU
		Release|Any CPU = Release|Any CPU
	EndGlobalSection
	GlobalSection(ProjectConfigurationPlatforms) = postSolution
		{A70A8D14-9F35-4310-A2FB-0D80DC58E60D}.Debug|Any CPU.ActiveCfg = Debug|Any CPU
		{A70A8D14-9F35-4310-A2FB-0D80DC58E60D}.Debug|Any CPU.Build.0 = Debug|Any CPU
		{A70A8D14-9F35-4310-A2FB-0D80DC58E60D}.Release|Any CPU.ActiveCfg = Release|Any CPU
		{A70A8D14-9F35-4310-A2FB-0D80DC58E60D}.Release|Any CPU.Build.0 = Release|Any CPU
	EndGlobalSection
	GlobalSection(SolutionProperties) = preSolution
		HideSolutionNode = FALSE
	EndGlobalSection
	GlobalSection(ExtensibilityGlobals) = postSolution
		SolutionGuid = {662531DA-2861-4463-8200-0955DAF2CBDF}
	EndGlobalSection
EndGlobal
